
Microsoft Visual Studio Solution File, Format Version 12.00
# Visual Studio Version 17
VisualStudioVersion = 17.14.36401.2 d17.14
MinimumVisualStudioVersion = 10.0.40219.1
Project("{FAE04EC0-301F-11D3-BF4B-00C04F79EFBC}") = "SkillShareMentor.Backend", "SkillShareMentor.Backend.csproj", "{156F0AAB-307E-48C0-BAD9-C96586199CE2}"
EndProject
Global
	GlobalSection(SolutionConfigurationPlatforms) = preSolution
		Debug|Any CPU = Debug|Any CPU
		Release|Any CPU = Release|Any CPU
	EndGlobalSection
	GlobalSection(ProjectConfigurationPlatforms) = postSolution
		{156F0AAB-307E-48C0-BAD9-C96586199CE2}.Debug|Any CPU.ActiveCfg = Debug|Any CPU
		{156F0AAB-307E-48C0-BAD9-C96586199CE2}.Debug|Any CPU.Build.0 = Debug|Any CPU
		{156F0AAB-307E-48C0-BAD9-C96586199CE2}.Release|Any CPU.ActiveCfg = Release|Any CPU
		{156F0AAB-307E-48C0-BAD9-C96586199CE2}.Release|Any CPU.Build.0 = Release|Any CPU
	EndGlobalSection
	GlobalSection(SolutionProperties) = preSolution
		HideSolutionNode = FALSE
	EndGlobalSection
	GlobalSection(ExtensibilityGlobals) = postSolution
		SolutionGuid = {90618C06-5E5D-4F5E-8E88-E2F560C37D9D}
	EndGlobalSection
EndGlobal
